[[package]]
category = "main"
description = "Blazingly fast & beautifully expressive Web APIs"
name = "apistar"
optional = false
python-versions = "*"
version = "0.5.42"

[package.dependencies]
click = "*"
jinja2 = "*"
pyyaml = "*"
requests = "*"
werkzeug = "*"
whitenoise = "*"

[[package]]
category = "main"
description = "A small Python module for determining appropriate platform-specific dirs, e.g. a \"user data dir\"."
name = "appdirs"
optional = false
python-versions = "*"
version = "1.4.3"

[[package]]
category = "main"
description = "An unobtrusive argparse wrapper with natural syntax"
name = "argh"
optional = false
python-versions = "*"
version = "0.26.2"

[[package]]
category = "main"
description = "Fast ASN.1 parser and serializer with definitions for private keys, public keys, certificates, CRL, OCSP, CMS, PKCS#3, PKCS#7, PKCS#8, PKCS#12, PKCS#5, X.509 and TSP"
name = "asn1crypto"
optional = false
python-versions = "*"
version = "0.24.0"

[[package]]
category = "main"
description = "A dict with attribute-style access"
name = "attrdict"
optional = false
python-versions = "*"
version = "2.0.0"

[package.dependencies]
six = "*"

[[package]]
category = "main"
description = "Classes Without Boilerplate"
name = "attrs"
optional = false
python-versions = "*"
version = "18.2.0"

[[package]]
category = "main"
description = "WebSocket client & server library, WAMP real-time framework"
name = "autobahn"
optional = false
python-versions = "*"
version = "18.11.2"

[package.dependencies]
six = ">=1.11.0"
txaio = ">=18.8.1"

[[package]]
category = "main"
description = "Self-service finite-state machines for the programmer on the go."
name = "automat"
optional = false
python-versions = "*"
version = "0.7.0"

[package.dependencies]
attrs = ">=16.1.0"
six = "*"

[[package]]
category = "main"
description = "The AWS SDK for Python"
name = "boto3"
optional = false
python-versions = "*"
version = "1.9.66"

[package.dependencies]
botocore = ">=1.12.66,<1.13.0"
jmespath = ">=0.7.1,<1.0.0"
s3transfer = ">=0.1.10,<0.2.0"

[[package]]
category = "main"
description = "Low-level, data-driven core of boto 3."
name = "botocore"
optional = false
python-versions = "*"
version = "1.12.66"

[package.dependencies]
docutils = ">=0.10"
jmespath = ">=0.7.1,<1.0.0"

[package.dependencies.python-dateutil]
python = ">=2.7"
version = ">=2.1,<3.0.0"

[package.dependencies.urllib3]
python = ">=3.4"
version = ">=1.20,<1.25"

[[package]]
category = "main"
description = "('Among the simplest imaginable ways to serialize: concatenate and split.',)"
name = "bytestring-splitter"
optional = false
python-versions = "*"
version = "1.0.0a4"

[package.dependencies]
msgpack-python = "0.5.6"

[[package]]
category = "main"
description = "Python package for providing Mozilla's CA Bundle."
name = "certifi"
optional = false
python-versions = "*"
version = "2018.11.29"

[[package]]
category = "main"
description = "Foreign Function Interface for Python calling C code."
name = "cffi"
optional = false
python-versions = "*"
version = "1.11.5"

[package.dependencies]
pycparser = "*"

[[package]]
category = "main"
description = "Universal encoding detector for Python 2 and 3"
name = "chardet"
optional = false
python-versions = "*"
version = "3.0.4"

[[package]]
category = "main"
description = "Composable command line interface toolkit"
name = "click"
optional = false
python-versions = ">=2.7, !=3.0.*, !=3.1.*, !=3.2.*, !=3.3.*"
version = "7.0"

[[package]]
category = "main"
description = "I am the man of constant sorrow; I've seen special values as ints, all my days."
name = "constant-sorrow"
optional = false
python-versions = ">=3"
version = "0.1.0a7"

[package.dependencies]
bytestring-splitter = "*"

[[package]]
category = "main"
description = "Symbolic constants in Python"
name = "constantly"
optional = false
python-versions = "*"
version = "15.1.0"

[[package]]
category = "main"
description = "cryptography is a package which provides cryptographic recipes and primitives to Python developers."
name = "cryptography"
optional = false
python-versions = ">=2.7,!=3.0.*,!=3.1.*,!=3.2.*,!=3.3.*"
version = "2.4.2"

[package.dependencies]
asn1crypto = ">=0.21.0"
cffi = ">=1.7,<1.11.3 || >1.11.3"
idna = ">=2.1"
six = ">=1.4.1"

[[package]]
category = "main"
description = "Cython implementation of Toolz: High performance functional utilities"
name = "cytoolz"
optional = false
python-versions = "*"
version = "0.9.0.1"

[package.dependencies]
toolz = ">=0.8.0"

[[package]]
category = "main"
description = "Date parsing library designed to parse dates from HTML pages"
name = "dateparser"
optional = false
python-versions = "*"
version = "0.7.0"

[package.dependencies]
python-dateutil = "*"
pytz = "*"
regex = "*"
tzlocal = "*"

[[package]]
category = "main"
description = "Docutils -- Python Documentation Utilities"
name = "docutils"
optional = false
python-versions = "*"
version = "0.14"

[[package]]
category = "main"
description = "Ethereum ABI Utils"
name = "eth-abi"
optional = false
python-versions = "*"
version = "1.2.2"

[package.dependencies]
eth-typing = "<2"
eth-utils = ">=1.2.0,<2.0.0"
parsimonious = ">=0.8.0,<0.9.0"

[[package]]
category = "main"
description = "eth-account: Sign Ethereum transactions and messages with local private keys"
name = "eth-account"
optional = false
python-versions = ">=3.5, <4"
version = "0.3.0"

[package.dependencies]
attrdict = ">=2.0.0,<3"
eth-keyfile = ">=0.5.0,<0.6.0"
eth-keys = ">=0.2.0b3,<0.3.0"
eth-rlp = ">=0.1.2,<1"
eth-utils = ">=1.0.2,<2"
hexbytes = ">=0.1.0,<1"

[[package]]
category = "main"
description = "Python implementation of the Ethereum Trie structure"
name = "eth-bloom"
optional = false
python-versions = "*"
version = "1.0.1"

[package.dependencies]
eth-hash = ">=0.1.0a3,<0.3.0"

[[package]]
category = "main"
description = "eth-hash: The Ethereum hashing function, keccak256, sometimes (erroneously) called sha3"
name = "eth-hash"
optional = false
python-versions = ">=3.5, <4"
version = "0.2.0"

[package.dependencies]
pysha3 = ">=1.0.0,<2.0.0"

[[package]]
category = "main"
description = "A library for handling the encrypted keyfiles used to store ethereum private keys."
name = "eth-keyfile"
optional = false
python-versions = "*"
version = "0.5.1"

[package.dependencies]
cytoolz = ">=0.9.0,<1.0.0"
eth-keys = ">=0.1.0-beta.4,<1.0.0"
eth-utils = ">=1.0.0-beta.1,<2.0.0"
pycryptodome = ">=3.4.7,<4.0.0"

[[package]]
category = "main"
description = "Common API for Ethereum key operations."
name = "eth-keys"
optional = false
python-versions = "*"
version = "0.2.0b3"

[package.dependencies]
cytoolz = ">=0.9.0,<1.0.0"
eth-utils = ">=1.0.0-beta.2,<2.0.0"

[[package]]
category = "main"
description = "eth-rlp: RLP definitions for common Ethereum objects in Python"
name = "eth-rlp"
optional = false
python-versions = ">=3.5, <4"
version = "0.1.2"

[package.dependencies]
eth-utils = ">=1.0.1,<2"
hexbytes = ">=0.1.0,<1"
rlp = ">=0.6.0,<2"

[[package]]
category = "main"
description = "Tools for testing Ethereum applications."
name = "eth-tester"
optional = false
python-versions = "*"
version = "0.1.0b33"

[package.dependencies]
cytoolz = ">=0.8.2,<1.0.0"
eth-abi = ">=1.0.0-beta.1,<2"
eth-keys = ">=0.2.0-beta.3,<0.3.0"
eth-utils = ">=1.1.1,<2.0.0"
rlp = ">=0.6.0,<2.0.0"
semantic_version = ">=2.6.0,<3.0.0"
toolz = ">0.8.2,<1"

[[package]]
category = "main"
description = "eth-typing: Common type annotations for ethereum python packages"
name = "eth-typing"
optional = false
python-versions = ">=3.5, <4"
version = "1.3.0"

[[package]]
category = "main"
description = "Common utility functions for ethereum codebases."
name = "eth-utils"
optional = false
python-versions = ">=3.5,!=3.5.2,<4"
version = "1.4.0"

[package.dependencies]
cytoolz = ">=0.8.2,<1.0.0"
eth-hash = ">=0.1.0,<1.0.0"
eth-typing = ">=1.0.0,<3.0.0"
toolz = ">0.8.2,<1"

[[package]]
category = "main"
description = "Pure python web server, based on Twisted, providing the One Obvious Way to do async and offbeat network traffic with django and other WSGI apps."
name = "hendrix"
optional = false
python-versions = "*"
version = "3.1.0"

[package.dependencies]
autobahn = "*"
cryptography = ">=2.3"
jinja2 = "*"
pychalk = "*"
service-identity = "*"
six = "*"
twisted = "*"
watchdog = "*"

[[package]]
category = "main"
description = "hexbytes: Python `bytes` subclass that decodes hex, with a readable console output"
name = "hexbytes"
optional = false
python-versions = "*"
version = "0.1.0"

[package.dependencies]
eth-utils = ">=1.0.1,<2.0.0"

[[package]]
category = "main"
description = "python humanize utilities"
name = "humanize"
optional = false
python-versions = "*"
version = "0.5.1"

[[package]]
category = "main"
description = "A featureful, immutable, and correct URL for Python."
name = "hyperlink"
optional = false
python-versions = "*"
version = "18.0.0"

[package.dependencies]
idna = ">=2.5"

[[package]]
category = "main"
description = "Internationalized Domain Names in Applications (IDNA)"
name = "idna"
optional = false
python-versions = ">=2.7, !=3.0.*, !=3.1.*, !=3.2.*, !=3.3.*"
version = "2.8"

[[package]]
category = "main"
description = ""
name = "incremental"
optional = false
python-versions = "*"
version = "17.5.0"

[[package]]
category = "main"
description = "A small but fast and easy to use stand-alone template engine written in pure python."
name = "jinja2"
optional = false
python-versions = "*"
version = "2.10"

[package.dependencies]
MarkupSafe = ">=0.23"

[[package]]
category = "main"
description = "JSON Matching Expressions"
name = "jmespath"
optional = false
python-versions = "*"
version = "0.9.3"

[[package]]
category = "main"
description = "An Dict like LRU container."
name = "lru-dict"
optional = false
python-versions = "*"
version = "1.1.6"

[[package]]
category = "main"
description = "Safely add untrusted strings to HTML/XML markup."
name = "markupsafe"
optional = false
python-versions = ">=2.7,!=3.0.*,!=3.1.*,!=3.2.*,!=3.3.*"
version = "1.1.0"

[[package]]
category = "main"
description = "Datetimes for Humans."
name = "maya"
optional = false
python-versions = "*"
version = "0.5.0"

[package.dependencies]
dateparser = ">=0.7.0"
humanize = "*"
pendulum = ">=1.0,<=1.5.1"
pytz = "*"
snaptime = "*"
tzlocal = "*"

[[package]]
category = "main"
description = "MessagePack (de)serializer."
name = "msgpack-python"
optional = false
python-versions = "*"
version = "0.5.6"

[[package]]
category = "main"
description = "(Soon to be) the fastest pure-Python PEG parser I could muster"
name = "parsimonious"
optional = false
python-versions = "*"
version = "0.8.1"

[package.dependencies]
six = ">=1.9.0"

[[package]]
category = "main"
description = "File system general utilities"
name = "pathtools"
optional = false
python-versions = "*"
version = "0.1.2"

[[package]]
category = "main"
description = "Python datetimes made easy."
name = "pendulum"
optional = false
python-versions = ">=2.7, !=3.0.*, !=3.1.*, !=3.2.*, !=3.3.*"
version = "1.5.1"

[package.dependencies]
python-dateutil = ">=2.6.0.0,<3.0.0.0"
pytzdata = ">=2018.3.0.0"
tzlocal = ">=1.5.0.0,<2.0.0.0"

[[package]]
category = "main"
description = "Elliptic curve crypto in python including secp256k1 and alt_bn128"
name = "py-ecc"
optional = false
python-versions = ">=3.5, <4"
version = "1.4.7"

[[package]]
category = "main"
description = "Python implementation of the Ethereum Virtual Machine"
name = "py-evm"
optional = false
python-versions = "*"
version = "0.2.0a33"

[package.dependencies]
cryptography = ">=2.0.3,<3.0.0"
cytoolz = ">=0.9.0,<1.0.0"
eth-bloom = ">=1.0.0,<2.0.0"
eth-keys = ">=0.2.0b3,<1.0.0"
eth-typing = ">=1.1.0,<2.0.0"
eth-utils = ">=1.2.0,<2.0.0"
lru-dict = ">=1.1.6"
py-ecc = ">=1.4.2,<2.0.0"
pyethash = ">=0.1.27,<1.0.0"
rlp = ">=1.0.3,<2.0.0"
trie = ">=1.3.5,<2.0.0"

[[package]]
category = "main"
description = "Python wrapper around the solc binary"
name = "py-solc"
optional = false
python-versions = ">=3.4, <4"
version = "3.2.0"

[package.dependencies]
semantic-version = ">=2.6.0"

[[package]]
category = "main"
description = "ASN.1 types and codecs"
name = "pyasn1"
optional = false
python-versions = "*"
version = "0.4.4"

[[package]]
category = "main"
description = "A collection of ASN.1-based protocols modules."
name = "pyasn1-modules"
optional = false
python-versions = "*"
version = "0.2.2"

[package.dependencies]
pyasn1 = ">=0.4.1,<0.5.0"

[[package]]
category = "main"
description = "Color printing in python"
name = "pychalk"
optional = false
python-versions = "*"
version = "2.0.1"

[package.dependencies]
six = ">=1.11.0"

[[package]]
category = "main"
description = "C parser in Python"
name = "pycparser"
optional = false
python-versions = "*"
version = "2.19"

[[package]]
category = "main"
description = "Cryptographic library for Python"
name = "pycryptodome"
optional = false
python-versions = ">=2.6, !=3.0.*, !=3.1.*, !=3.2.*, !=3.3.*"
version = "3.7.2"

[[package]]
category = "main"
description = "Python wrappers for ethash, the ethereum proof of workhashing function"
name = "pyethash"
optional = false
python-versions = "*"
version = "0.1.27"

[[package]]
category = "main"
description = "Hamcrest framework for matcher objects"
name = "pyhamcrest"
optional = false
python-versions = "*"
version = "1.9.0"

[package.dependencies]
setuptools = "*"
six = "*"

[[package]]
category = "main"
description = "Python binding to the Networking and Cryptography (NaCl) library"
name = "pynacl"
optional = false
python-versions = "*"
version = "1.3.0"

[package.dependencies]
cffi = ">=1.4.1"
six = "*"

[[package]]
category = "main"
description = "Python wrapper module around the OpenSSL library"
name = "pyopenssl"
optional = false
python-versions = "*"
version = "18.0.0"

[package.dependencies]
cryptography = ">=2.2.1"
six = ">=1.5.2"

[[package]]
category = "main"
description = ""
marker = "platform_system == \"Windows\""
name = "pypiwin32"
optional = false
python-versions = "*"
version = "223"

[package.dependencies]
pywin32 = ">=223"

[[package]]
category = "main"
description = "SHA-3 (Keccak) for Python 2.7 - 3.5"
name = "pysha3"
optional = false
python-versions = "*"
version = "1.0.2"

[[package]]
category = "main"
description = "Extensions to the standard Python datetime module"
name = "python-dateutil"
optional = false
python-versions = ">=2.7, !=3.0.*, !=3.1.*, !=3.2.*"
version = "2.7.5"

[package.dependencies]
six = ">=1.5"

[[package]]
category = "main"
description = "World timezone definitions, modern and historical"
name = "pytz"
optional = false
python-versions = "*"
version = "2018.7"

[[package]]
category = "main"
description = "The Olson timezone database for Python."
name = "pytzdata"
optional = false
python-versions = ">=2.7, !=3.0.*, !=3.1.*, !=3.2.*, !=3.3.*"
version = "2018.7"

[[package]]
category = "main"
description = "Python for Window Extensions"
marker = "platform_system == \"Windows\""
name = "pywin32"
optional = false
python-versions = "*"
version = "224"

[[package]]
category = "main"
description = "YAML parser and emitter for Python"
name = "pyyaml"
optional = false
python-versions = "*"
version = "3.13"

[[package]]
category = "main"
description = "Alternative regular expression module, to replace re."
name = "regex"
optional = false
python-versions = "*"
version = "2018.11.22"

[[package]]
category = "main"
description = "Python HTTP for Humans."
name = "requests"
optional = false
python-versions = ">=2.7, !=3.0.*, !=3.1.*, !=3.2.*, !=3.3.*"
version = "2.21.0"

[package.dependencies]
certifi = ">=2017.4.17"
chardet = ">=3.0.2,<3.1.0"
idna = ">=2.5,<2.9"
urllib3 = ">=1.21.1,<1.25"

[[package]]
category = "main"
description = "A package for Recursive Length Prefix encoding and decoding"
name = "rlp"
optional = false
python-versions = "*"
version = "1.0.3"

[package.dependencies]
eth-utils = ">=1.0.2,<2"

[[package]]
category = "main"
description = "An Amazon S3 Transfer Manager"
name = "s3transfer"
optional = false
python-versions = "*"
version = "0.1.13"

[package.dependencies]
botocore = ">=1.3.0,<2.0.0"

[[package]]
category = "main"
description = "A library implementing the 'SemVer' scheme."
name = "semantic-version"
optional = false
python-versions = "*"
version = "2.6.0"

[[package]]
category = "main"
description = "Python client for Sentry (https://getsentry.com)"
name = "sentry-sdk"
optional = false
python-versions = "*"
version = "0.5.2"

[package.dependencies]
certifi = "*"
urllib3 = "*"

[[package]]
category = "main"
description = "Service identity verification for pyOpenSSL & cryptography."
name = "service-identity"
optional = false
python-versions = "*"
version = "18.1.0"

[package.dependencies]
attrs = ">=16.0.0"
cryptography = "*"
pyasn1 = "*"
pyasn1-modules = "*"

[[package]]
category = "main"
description = "Python 2 and 3 compatibility utilities"
name = "six"
optional = false
python-versions = ">=2.6, !=3.0.*, !=3.1.*"
version = "1.12.0"

[[package]]
category = "main"
description = "Transform timestamps with a simple DSL"
name = "snaptime"
optional = false
python-versions = "*"
version = "0.2.4"

[package.dependencies]
python-dateutil = "*"
pytz = "*"

[[package]]
category = "main"
description = "Database Abstraction Library"
name = "sqlalchemy"
optional = false
python-versions = "*"
version = "1.2.15"

[[package]]
category = "main"
description = "List processing tools and functional utilities"
name = "toolz"
optional = false
python-versions = "*"
version = "0.9.0"

[[package]]
category = "main"
description = "Python implementation of the Ethereum Trie structure"
name = "trie"
optional = false
python-versions = "*"
version = "1.3.8"

[package.dependencies]
cytoolz = ">=0.8.0,<1"
eth-hash = ">=0.1.0,<1.0.0"
eth-utils = ">=1.0.1,<2.0.0"
rlp = ">=0.4.7,<2.0.0"

[[package]]
category = "main"
description = "An asynchronous networking framework written in Python"
name = "twisted"
optional = false
python-versions = "*"
version = "18.9.0"

[package.dependencies]
Automat = ">=0.3.0"
PyHamcrest = ">=1.9.0"
attrs = ">=17.4.0"
constantly = ">=15.1"
hyperlink = ">=17.1.1"
incremental = ">=16.10.1"
"zope.interface" = ">=4.4.2"

[[package]]
category = "main"
description = "Compatibility API between asyncio/Twisted/Trollius"
name = "txaio"
optional = false
python-versions = "*"
version = "18.8.1"

[package.dependencies]
six = "*"

[[package]]
category = "main"
description = "tzinfo object for the local timezone"
name = "tzlocal"
optional = false
python-versions = "*"
version = "1.5.1"

[package.dependencies]
pytz = "*"

[[package]]
category = "main"
description = "NuCypher's Umbral Proxy Re-Encryption Implementation"
name = "umbral"
optional = false
python-versions = ">=3"
version = "0.1.2a2"

[package.dependencies]
bytestring-splitter = "*"
constant-sorrow = ">=0.1.0a7"
cryptography = ">=2.3"
pynacl = "*"
pysha3 = "*"
setuptools = "*"

[[package]]
category = "main"
description = "HTTP library with thread-safe connection pooling, file post, and more."
name = "urllib3"
optional = false
python-versions = ">=2.7, !=3.0.*, !=3.1.*, !=3.2.*, !=3.3.*, <4"
version = "1.24.1"

[[package]]
category = "main"
description = "Filesystem events monitoring"
name = "watchdog"
optional = false
python-versions = "*"
version = "0.9.0"

[package.dependencies]
PyYAML = ">=3.10"
argh = ">=0.24.1"
pathtools = ">=0.1.1"

[[package]]
category = "main"
description = "Web3.py"
name = "web3"
optional = false
python-versions = ">=3.5.3,<4"
version = "4.8.2"

[package.dependencies]
cytoolz = ">=0.9.0,<1.0.0"
eth-abi = ">=1.2.0,<2.0.0"
eth-account = ">=0.2.1,<0.4.0"
eth-hash = ">=0.2.0,<1.0.0"
eth-utils = ">=1.2.0,<2.0.0"
hexbytes = ">=0.1.0,<1.0.0"
lru-dict = ">=1.1.6,<2.0.0"
pypiwin32 = ">=223"
requests = ">=2.16.0,<3.0.0"
toolz = ">=0.9.0,<1.0.0"
websockets = ">=6.0.0,<7.0.0"

[[package]]
category = "main"
description = "An implementation of the WebSocket Protocol (RFC 6455 & 7692)"
name = "websockets"
optional = false
python-versions = ">=3.4"
version = "6.0"

[[package]]
category = "main"
description = "The comprehensive WSGI web application library."
name = "werkzeug"
optional = false
python-versions = "*"
version = "0.14.1"

[[package]]
category = "main"
description = "Radically simplified static file serving for WSGI applications"
name = "whitenoise"
optional = false
python-versions = "*"
version = "4.1.2"

[[package]]
category = "main"
description = "Interfaces for Python"
name = "zope.interface"
optional = false
python-versions = ">=2.7, !=3.0.*, !=3.1.*, !=3.2.*, !=3.3.*"
version = "4.6.0"

[package.dependencies]
setuptools = "*"

[metadata]
content-hash = "3ddb1ddf71b4fc0b63b66473b5c53deada79041a36f30b67523089f32ad63ffb"
python-versions = "^3.6"

[metadata.hashes]
apistar = ["fe489b053aa2c4e92c329494ed39300b53f81f0be6e22bec9d9e2cf8d71ae28e"]
appdirs = ["9e5896d1372858f8dd3344faf4e5014d21849c756c8d5701f78f8a103b372d92", "d8b24664561d0d34ddfaec54636d502d7cea6e29c3eaf68f3df6180863e2166e"]
argh = ["a9b3aaa1904eeb78e32394cd46c6f37ac0fb4af6dc488daa58971bdc7d7fcaf3", "e9535b8c84dc9571a48999094fda7f33e63c3f1b74f3e5f3ac0105a58405bb65"]
asn1crypto = ["2f1adbb7546ed199e3c90ef23ec95c5cf3585bac7d11fb7eb562a3fe89c64e87", "9d5c20441baf0cb60a4ac34cc447c6c189024b6b4c6cd7877034f4965c464e49"]
attrdict = ["86aeb6d3809e0344409f8148d7cac9eabce5f0b577c160b5e90d10df3f8d2ad3"]
attrs = ["10cbf6e27dbce8c30807caf056c8eb50917e0eaafe86347671b57254006c3e69", "ca4be454458f9dec299268d472aaa5a11f67a4ff70093396e1ceae9c76cf4bbb"]
autobahn = ["43262e500aaf8b89fb5f0b60ab13163500ee877908cdd6861208546d95c6dba0", "81ee21d654886cccdce01f9f294c71ff2f6ae7b34244e52b522fddc5400736b3"]
automat = ["cbd78b83fa2d81fe2a4d23d258e1661dd7493c9a50ee2f1a5b2cac61c1793b0e", "fdccab66b68498af9ecfa1fa43693abe546014dd25cf28543cbe9d1334916a58"]
boto3 = ["0aef5adf904638bf9bc053efaf182d8dc8647d72d9d7974173b77eab29f67254", "90911996038f88f90eef8d55689c4c4843daec94a48b56aba4b3399306dd4f2a"]
botocore = ["25c39ecc71356287cf79d66981ec77deca374e28043b19b2f818d48aa34272a1", "419e1a6a1829c49c7aad30efc1e4a9435ad36573ca6a14d94940e7f302aa234a"]
bytestring-splitter = ["708f70a171fbd5d28f8374e18b8fe00d931bdc908069611cb866397a8fbb34e5", "a681e2fc5a6bd8b083ce740fc4353b34492af63d0891e59c05cd0300f79f91d8"]
certifi = ["47f9c83ef4c0c621eaef743f133f09fa8a74a9b75f037e8624f83bd1b6626cb7", "993f830721089fef441cdfeb4b2c8c9df86f0c63239f06bd025a76a7daddb033"]
cffi = ["151b7eefd035c56b2b2e1eb9963c90c6302dc15fbd8c1c0a83a163ff2c7d7743", "1553d1e99f035ace1c0544050622b7bc963374a00c467edafac50ad7bd276aef", "1b0493c091a1898f1136e3f4f991a784437fac3673780ff9de3bcf46c80b6b50", "2ba8a45822b7aee805ab49abfe7eec16b90587f7f26df20c71dd89e45a97076f", "3bb6bd7266598f318063e584378b8e27c67de998a43362e8fce664c54ee52d30", "3c85641778460581c42924384f5e68076d724ceac0f267d66c757f7535069c93", "3eb6434197633b7748cea30bf0ba9f66727cdce45117a712b29a443943733257", "495c5c2d43bf6cebe0178eb3e88f9c4aa48d8934aa6e3cddb865c058da76756b", "4c91af6e967c2015729d3e69c2e51d92f9898c330d6a851bf8f121236f3defd3", "57b2533356cb2d8fac1555815929f7f5f14d68ac77b085d2326b571310f34f6e", "770f3782b31f50b68627e22f91cb182c48c47c02eb405fd689472aa7b7aa16dc", "79f9b6f7c46ae1f8ded75f68cf8ad50e5729ed4d590c74840471fc2823457d04", "7a33145e04d44ce95bcd71e522b478d282ad0eafaf34fe1ec5bbd73e662f22b6", "857959354ae3a6fa3da6651b966d13b0a8bed6bbc87a0de7b38a549db1d2a359", "87f37fe5130574ff76c17cab61e7d2538a16f843bb7bca8ebbc4b12de3078596", "95d5251e4b5ca00061f9d9f3d6fe537247e145a8524ae9fd30a2f8fbce993b5b", "9d1d3e63a4afdc29bd76ce6aa9d58c771cd1599fbba8cf5057e7860b203710dd", "a36c5c154f9d42ec176e6e620cb0dd275744aa1d804786a71ac37dc3661a5e95", "a6a5cb8809091ec9ac03edde9304b3ad82ad4466333432b16d78ef40e0cce0d5", "ae5e35a2c189d397b91034642cb0eab0e346f776ec2eb44a49a459e6615d6e2e", "b0f7d4a3df8f06cf49f9f121bead236e328074de6449866515cea4907bbc63d6", "b75110fb114fa366b29a027d0c9be3709579602ae111ff61674d28c93606acca", "ba5e697569f84b13640c9e193170e89c13c6244c24400fc57e88724ef610cd31", "be2a9b390f77fd7676d80bc3cdc4f8edb940d8c198ed2d8c0be1319018c778e1", "ca1bd81f40adc59011f58159e4aa6445fc585a32bb8ac9badf7a2c1aa23822f2", "d5d8555d9bfc3f02385c1c37e9f998e2011f0db4f90e250e5bc0c0a85a813085", "e55e22ac0a30023426564b1059b035973ec82186ddddbac867078435801c7801", "e90f17980e6ab0f3c2f3730e56d1fe9bcba1891eeea58966e89d352492cc74f4", "ecbb7b01409e9b782df5ded849c178a0aa7c906cf8c5a67368047daab282b184", "ed01918d545a38998bfa5902c7c00e0fee90e957ce036a4000a88e3fe2264917", "edabd457cd23a02965166026fd9bfd196f4324fe6032e866d0f3bd0301cd486f", "fdf1c1dc5bafc32bc5d08b054f94d659422b05aba244d6be4ddc1c72d9aa70fb"]
chardet = ["84ab92ed1c4d4f16916e05906b6b75a6c0fb5db821cc65e70cbd64a3e2a5eaae", "fc323ffcaeaed0e0a02bf4d117757b98aed530d9ed4531e3e15460124c106691"]
click = ["2335065e6395b9e67ca716de5f7526736bfa6ceead690adf616d925bdc622b13", "5b94b49521f6456670fdb30cd82a4eca9412788a93fa6dd6df72c94d5a8ff2d7"]
constant-sorrow = ["b801391bcadfdd92e1212caab133544d60ea36ae5e2948b48b12de23e69c7baa", "d0190c05bc8465e91591bf017661869e0315aae5f8b9f64fa52b86d2cd060699"]
constantly = ["586372eb92059873e29eba4f9dec8381541b4d3834660707faf8ba59146dfc35", "dd2fa9d6b1a51a83f0d7dd76293d734046aa176e384bf6e33b7e44880eb37c5d"]
cryptography = ["05a6052c6a9f17ff78ba78f8e6eb1d777d25db3b763343a1ae89a7a8670386dd", "0eb83a24c650a36f68e31a6d0a70f7ad9c358fa2506dc7b683398b92e354a038", "0ff4a3d6ea86aa0c9e06e92a9f986de7ee8231f36c4da1b31c61a7e692ef3378", "1699f3e916981df32afdd014fb3164db28cdb61c757029f502cb0a8c29b2fdb3", "1b1f136d74f411f587b07c076149c4436a169dc19532e587460d9ced24adcc13", "21e63dd20f5e5455e8b34179ac43d95b3fb1ffa54d071fd2ed5d67da82cfe6dc", "2454ada8209bbde97065453a6ca488884bbb263e623d35ba183821317a58b46f", "3cdc5f7ca057b2214ce4569e01b0f368b3de9d8ee01887557755ccd1c15d9427", "418e7a5ec02a7056d3a4f0c0e7ea81df374205f25f4720bb0e84189aa5fd2515", "471a097076a7c4ab85561d7fa9a1239bd2ae1f9fd0047520f13d8b340bf3210b", "5ecaf9e7db3ca582c6de6229525d35db8a4e59dc3e8a40a331674ed90e658cbf", "63b064a074f8dc61be81449796e2c3f4e308b6eba04a241a5c9f2d05e882c681", "6afe324dfe6074822ccd56d80420df750e19ac30a4e56c925746c735cf22ae8b", "70596e90398574b77929cd87e1ac6e43edd0e29ba01e1365fed9c26bde295aa5", "70c2b04e905d3f72e2ba12c58a590817128dfca08949173faa19a42c824efa0b", "8908f1db90be48b060888e9c96a0dee9d842765ce9594ff6a23da61086116bb6", "af12dfc9874ac27ebe57fc28c8df0e8afa11f2a1025566476b0d50cdb8884f70", "b4fc04326b2d259ddd59ed8ea20405d2e695486ab4c5e1e49b025c484845206e", "da5b5dda4aa0d5e2b758cc8dfc67f8d4212e88ea9caad5f61ba132f948bab859"]
cytoolz = ["84cc06fa40aa310f2df79dd440fc5f84c3e20f01f9f7783fc9c38d0a11ba00e5"]
dateparser = ["940828183c937bcec530753211b70f673c0a9aab831e43273489b310538dff86", "b452ef8b36cd78ae86a50721794bc674aa3994e19b570f7ba92810f4e0a2ae03"]
docutils = ["02aec4bd92ab067f6ff27a38a38a41173bf01bed8f89157768c1573f53e474a6", "51e64ef2ebfb29cae1faa133b3710143496eca21c530f3f71424d77687764274", "7a4bd47eaf6596e1295ecb11361139febe29b084a87bf005bf899f9a42edc3c6"]
eth-abi = ["2d0a056861c038ae53f50fabf65d545155fc0baee35eba41bce907c430f96837", "b80934f31e4d8fe20cf98244da7ed19b505b24b7893d1d9e7a2c236c47d9cdc9"]
eth-account = ["3b5b1735db5736c9bb59786256edb0e18ea912f0a3d835611abb0266aa71c0d1", "63d782e7d0db455d13b5d6f18df790895072fde49ed00f1c176ae11dfa87251b"]
eth-bloom = ["d00807b719981d1267b8a518837a990349cc6d71404a4657280c9185eb8df17b", "ee9c2410ad93caa40cbab8e97627f5f666a04e734b772154b384ec95394ee4e3"]
eth-hash = ["1b9cb34dd3cd99c85c2bd6a1420ceae39a2eee8bf080efd264bcda8be3edecc8", "499dc02d098f69856d1a6dd005529c16174157d4fb2a9fe20c41f69e39f8f176"]
eth-keyfile = ["70d734af17efdf929a90bb95375f43522be4ed80c3b9e0a8bca575fb11cd1159", "939540efb503380bc30d926833e6a12b22c6750de80feef3720d79e5a79de47d"]
eth-keys = ["5ab2612f457452dc0a318655051cdd05c20f4db2f445003a46c98d324101b0e4", "b48fc92a527bd905525855ebe45e79ba17be6654c4bedb947119648c145c74c0"]
eth-rlp = ["05d8456981d85e16a9afa57f2f2c3356af5d1c49499cc8512cfcdc034b90dde5", "a94744c207ea731a7266bd0894179dc6e51a6a8965316000c8e823b5d7e07694"]
eth-tester = ["2f81d63e2cdef93071e4e53c9b51e69eb33159ba6d19d34c561579506b32c3a5", "dfb2eaa91c0ae3ef8838b1cc4b97eb0826dff3f7caa5bfade526902933e0d8c0"]
eth-typing = ["3b4744c9026e44f3234aae48d3d18062760efc0f755f663f723a12214f127dfc", "77da8a1f2f91f248cc42493f3dea3245f23a48224a513c4fd05f48b778dafb1a"]
eth-utils = ["cd3eab13bf4d597cce089b3c68d4687ba2d8033e12aed5041978f6b8416a8427", "fc3f3d378a28d271957ee4c7838167b6c9a718cf6b9e18cb4c8bd198d7dbcba6"]
hendrix = ["0a903fca08309aafc6d31d2b7a2da66a8bca69124b4826a93b4fbb6d76aaabe1", "cd6ca6c3297ffa8b5841ce0ffae8104dad587ba97d8fe14e87b70ccd68b0ee9c"]
hexbytes = ["27cc227ae95fc20d44325ac0329a0293d656a05230da079650705030c7d7a819", "67e5608cb4a14d0a4ced058e595bb1f70c207ef2b5219fdc82af10e54bcf38de"]
humanize = ["a43f57115831ac7c70de098e6ac46ac13be00d69abbf60bdcac251344785bb19"]
hyperlink = ["98da4218a56b448c7ec7d2655cb339af1f7d751cf541469bb4fc28c4a4245b34", "f01b4ff744f14bc5d0a22a6b9f1525ab7d6312cb0ff967f59414bbac52f0a306"]
idna = ["c357b3f628cf53ae2c4c05627ecc484553142ca23264e593d327bcde5e9c3407", "ea8b7f6188e6fa117537c3df7da9fc686d485087abf6ac197f9c46432f7e4a3c"]
incremental = ["717e12246dddf231a349175f48d74d93e2897244939173b01974ab6661406b9f", "7b751696aaf36eebfab537e458929e194460051ccad279c72b755a167eebd4b3"]
jinja2 = ["74c935a1b8bb9a3947c50a54766a969d4846290e1e788ea44c1392163723c3bd", "f84be1bb0040caca4cea721fcbbbbd61f9be9464ca236387158b0feea01914a4"]
jmespath = ["6a81d4c9aa62caf061cb517b4d9ad1dd300374cd4706997aff9cd6aedd61fc64", "f11b4461f425740a1d908e9a3f7365c3d2e569f6ca68a2ff8bc5bcd9676edd63"]
lru-dict = ["365457660e3d05b76f1aba3e0f7fedbfcd6528e97c5115a351ddd0db488354cc"]
markupsafe = ["048ef924c1623740e70204aa7143ec592504045ae4429b59c30054cb31e3c432", "130f844e7f5bdd8e9f3f42e7102ef1d49b2e6fdf0d7526df3f87281a532d8c8b", "19f637c2ac5ae9da8bfd98cef74d64b7e1bb8a63038a3505cd182c3fac5eb4d9", "1b8a7a87ad1b92bd887568ce54b23565f3fd7018c4180136e1cf412b405a47af", "1c25694ca680b6919de53a4bb3bdd0602beafc63ff001fea2f2fc16ec3a11834", "1f19ef5d3908110e1e891deefb5586aae1b49a7440db952454b4e281b41620cd", "1fa6058938190ebe8290e5cae6c351e14e7bb44505c4a7624555ce57fbbeba0d", "31cbb1359e8c25f9f48e156e59e2eaad51cd5242c05ed18a8de6dbe85184e4b7", "3e835d8841ae7863f64e40e19477f7eb398674da6a47f09871673742531e6f4b", "4e97332c9ce444b0c2c38dd22ddc61c743eb208d916e4265a2a3b575bdccb1d3", "525396ee324ee2da82919f2ee9c9e73b012f23e7640131dd1b53a90206a0f09c", "52b07fbc32032c21ad4ab060fec137b76eb804c4b9a1c7c7dc562549306afad2", "52ccb45e77a1085ec5461cde794e1aa037df79f473cbc69b974e73940655c8d7", "5c3fbebd7de20ce93103cb3183b47671f2885307df4a17a0ad56a1dd51273d36", "5e5851969aea17660e55f6a3be00037a25b96a9b44d2083651812c99d53b14d1", "5edfa27b2d3eefa2210fb2f5d539fbed81722b49f083b2c6566455eb7422fd7e", "7d263e5770efddf465a9e31b78362d84d015cc894ca2c131901a4445eaa61ee1", "83381342bfc22b3c8c06f2dd93a505413888694302de25add756254beee8449c", "857eebb2c1dc60e4219ec8e98dfa19553dae33608237e107db9c6078b1167856", "98e439297f78fca3a6169fd330fbe88d78b3bb72f967ad9961bcac0d7fdd1550", "bf54103892a83c64db58125b3f2a43df6d2cb2d28889f14c78519394feb41492", "d9ac82be533394d341b41d78aca7ed0e0f4ba5a2231602e2f05aa87f25c51672", "e982fe07ede9fada6ff6705af70514a52beb1b2c3d25d4e873e82114cf3c5401", "edce2ea7f3dfc981c4ddc97add8a61381d9642dc3273737e756517cc03e84dd6", "efdc45ef1afc238db84cb4963aa689c0408912a0239b0721cb172b4016eb31d6", "f137c02498f8b935892d5c0172560d7ab54bc45039de8805075e19079c639a9c", "f82e347a72f955b7017a39708a3667f106e6ad4d10b25f237396a7115d8ed5fd", "fb7c206e01ad85ce57feeaaa0bf784b97fa3cad0d4a5737bc5295785f5c613a1"]
maya = ["6f63bc69aa77309fc220bc02618da8701a21da87c2e7a747ee5ccd56a907c3a5", "f526bc8596d993f4bd9755668f66aaf61d635bb4149e084d4a2bc0ebe42aa0b6"]
msgpack-python = ["378cc8a6d3545b532dfd149da715abae4fda2a3adb6d74e525d0d5e51f46909b"]
parsimonious = ["3add338892d580e0cb3b1a39e4a1b427ff9f687858fdd61097053742391a9f6b"]
pathtools = ["7c35c5421a39bb82e58018febd90e3b6e5db34c5443aaaf742b3f33d4655f1c0"]
pendulum = ["4173ce3e81ad0d9d61dbce86f4286c43a26a398270df6a0a89f501f0c28ad27d", "56a347d0457859c84b8cdba161fc37c7df5db9b3becec7881cd770e9d2058b3c", "738878168eb26e5446da5d1f7b3312ae993a542061be8882099c00ef4866b1a2", "95536b33ae152e3c831eb236c1bf9ac9dcfb3b5b98fdbe8e9e601eab6c373897", "c04fcf955e622e97e405e5f6d1b1f4a7adc69d79d82f3609643de69283170d6d", "dd6500d27bb7ccc029d497da4f9bd09549bd3c0ea276dad894ea2fdf309e83f3", "ddaf97a061eb5e2ae37857a8cb548e074125017855690d20e443ad8d9f31e164", "e7df37447824f9af0b58c7915a4caf349926036afd86ad38e7529a6b2f8fc34b", "e9732b8bb214fad2c72ddcbfec07542effa8a8b704e174347ede1ff8dc679cce", "f4eee1e1735487d9d25cc435c519fd4380cb1f82cde3ebad1efbc2fc30deca5b"]
py-ecc = ["67577529be4839cfc1a6ded58942ef1fb146d70d12bfcf2c202c35ced47fc1c6", "96d14264962efc52fb359c5e62f8d697c76489156b167ebc5ea7a7a12bb59749"]
py-evm = ["7609f2fb1e8f9d31d2400c69f638ae3ff5f47b9032d28cafe7c8024f3857f568", "d9f1021241a9202741a26bcd0823a8bef59a305565e2baf85965932b38a23105"]
py-solc = ["82095bdac661072f48cf2daf8a96bdb625674330d92b225be26043e8d3ef8c9a", "9ec0bc36ef22a9b0f5642e7846999c4485fa2fa562a61897aeb0a4ca53d60153"]
pyasn1 = ["0ad0fe0593dde1e599cac0bf65bb1a4ec663032f0bc68ee44850db4251e8c501", "13794d835643ee970b2c059dbfe4eb5d751e16c693c8baee61c526abd209e5c7", "49a8ed515f26913049113820b462f698e6ed26df62c389dafb6fa3685ddca8de", "74ac8521a0480f228549be20bea555ae35678f0e754c2fbc6f1576b0959bec43", "89399ca8ecd4524f974e926d4ef9e7a787903e01f0a9cdff3131ad1361792fe5", "8f291e0338d519a1a0d07f0b9d03c9265f6be26eb32fdd21af6d3259d14ea49c", "b9d3abc5031e61927c82d4d96c1cec1e55676c1a991623cfed28faea73cdd7ca", "d3bbd726c1a760d4ca596a4d450c380b81737612fe0182f5bb3caebc17461fd9", "dea873d6c907c1cf1341fd88742a61efce33227d7743cb37564ab7d7e77dd9fd", "ded5eea5cb88bc1ce9aa074b5a3092f95ce4741887e317e9b49c7ece75d7ea0e", "e8b69ea2200d42201cbedd486eedb8980f320d4534f83ce2fb468e96aa5545d0", "edad117649643230493aeb4955456ce19ab4b12e94489dde6f7094cdb5a3c87e", "f58f2a3d12fd754aa123e9fa74fb7345333000a035f3921dbdaa08597aa53137"]
pyasn1-modules = ["077250b34432520430bc1c80dcbda4e354090785567c33ded35faa6df8d24753", "0da2f947e8ad2697e86fe5fd0e55a4093a2fd79d839c9e19c34e28097db7002c", "35ff894a0b5df8e28b700126b2869c7dcfb2b2db5bc82e5d5e82547069241553", "44688b94841349648b1e1a5a7a3d96e6596d5d4f21d0b59a82307e153c4dc74b", "833716dde880a7f2f2ccdeea9a096842626981ff2a477d8b318c0906367ac11b", "a0cf3e1842e7c60fde97cb22d275eb6f9524f5c5250489e292529de841417547", "a38a8811ea784c0136abfdba73963876328f66172db21a05a82f9515909bfb4e", "a728bb9502d1fdc104c66f24a176b6a70a32e89d1d8a5b55c959233ed51c67be", "c30a098435ea0989c37005a971843e9d3966c7f6d056ddbf052e5061c06e3291", "c355a45b32c5bc1d9893eceb704b0cfcd1126f91b5a7b9ee64c1c05383283381", "e64679de1940f41ead5170fce364d54e7b9e2e862f064727b6bcb5cee753b7a2", "ed71d20225c356881c29f0b1d7a0d6521563a389d9478e8f95d798cc5ba07b88", "f183f0940b9f5ed2ad9d04c80cab2451440fa9af4fc959d85113fadd2e777962"]
pychalk = ["f763275f6fa68835a30d22c2449f73724d569f33532a031d26e32edc604e7e39"]
pycparser = ["a988718abfad80b6b157acce7bf130a30876d27603738ac39f140993246b25b3"]
pycryptodome = ["08dcfd52a6784c9ca6b8d098301326ec86a33b94e44759dac031ba71407a1a2e", "08de8132a11fe3df5a60ffc9292eabd713b77250650190bb5beeb01ef2593e51", "148349c2dfbe80c3dfe598c60147f7875ae9a1dc91beb79c15eade734262a1ab", "185c091af54f90d038efc7eeca586161e603bdcbcbaaef2bc7454147f66669d2", "1d0d94c09d032538a7b33eeb52eca21eb66db6f00689000066baf307cb7091c2", "249d4301eb1e41dce29550a6c8693d4a7d23a06cb2d8afb51f1f42680dd00de1", "2c7fe7b081f257d51138369ce3f8675cbae6d2b94f19b5abbf127b2b61db6b99", "3210d8ee57f92055b7c6c393e8770b331dd125b371007dcbcddca5dfc7d8c8ce", "331e93fdddf8e2779e85cc2e0cbb2bb173a9ebcfbd0eb77390f875e5db0f9940", "3b295dc48de69a8055c73d5d49b1355c9479ffeeff72d0c746fb25e205189fe1", "4617d3925bdd77e6930d2d3d343324062a3ebd87652808158f8d6f4be4e2161c", "500d932db4c418932510237911fb36f85d2452bd444bd0bee96c4a05223a0c81", "56857d04dadf51dfcc8223bea4127d739704c11a5aef365d373f8999a34d3c33", "5d8d9dd7ba37bb84773160ebb65ad7794517723a4a549367227bb1325ebb8925", "5e6ab7478243f56fb51a89b8946fbd6853e924cd2aba3c22513bc508d3807a27", "6650d66a513736d61bca9ca2b1c09deb72bf2dcdf47151507ec0c05595a5b0aa", "7a0ad14c046c7fe4f60d597f15fd58af41d25f143ff5c8742df3bd80b9008c7d", "7c360b9f8b01e704ca70404001cf298505df9b2158a0c29021361ddf7f73117f", "8365fbf5254f086e2ad9f589f026506b04e7cf7819a851c91a864bb2d7b35369", "9048ef02431b19d823bd758dcd30bef6b29f0a92e49efc3dbec30c8b96e77570", "a378c1aaddc8874a71205c4eee3aaddda99afbc62f213e065ac06df0686d42dc", "bf60769ef3fd33023cb10ab277903f84f07819465f463cbdae66f732054f90dc", "cbfa5f741ba3dc8e07d5beb7c8cacce629f47a15bb31d4625cec3b8b171c489d", "de3e9bb4d356a8bc72f848b7691ec760c8abfbbf368fcd7642240c3e6126e740", "e39b956d8dfa3377b8cafc90649fa715d5a17c12f7e7f117920664eddc410803", "f0377ce5ce4df524394e0745c807932895bb8f25d791ab24b47687d2e049d691", "f09ea14afb0b811cdfdaf2de01ad1a7f8c46faee81291d34044eff409b713cee", "f5fc7e3b2d29552f0383063408ce2bd295e9d3c7ef13377599aa300a3d2baef7"]
pyethash = ["ff66319ce26b9d77df1f610942634dac9742e216f2c27b051c0a2c2dec9c2818"]
pyhamcrest = ["6b672c02fdf7470df9674ab82263841ce8333fb143f32f021f6cb26f0e512420", "7a4bdade0ed98c699d728191a058a60a44d2f9c213c51e2dd1e6fb42f2c6128a", "8ffaa0a53da57e89de14ced7185ac746227a8894dbd5a3c718bf05ddbd1d56cd", "bac0bea7358666ce52e3c6c85139632ed89f115e9af52d44b3c36e0bf8cf16a9", "f30e9a310bcc1808de817a92e95169ffd16b60cbc5a016a49c8d0e8ababfae79"]
pynacl = ["05c26f93964373fc0abe332676cb6735f0ecad27711035b9472751faa8521255", "0c6100edd16fefd1557da078c7a31e7b7d7a52ce39fdca2bec29d4f7b6e7600c", "0d0a8171a68edf51add1e73d2159c4bc19fc0718e79dec51166e940856c2f28e", "1c780712b206317a746ace34c209b8c29dbfd841dfbc02aa27f2084dd3db77ae", "2424c8b9f41aa65bbdbd7a64e73a7450ebb4aa9ddedc6a081e7afcc4c97f7621", "2d23c04e8d709444220557ae48ed01f3f1086439f12dbf11976e849a4926db56", "30f36a9c70450c7878053fa1344aca0145fd47d845270b43a7ee9192a051bf39", "37aa336a317209f1bb099ad177fef0da45be36a2aa664507c5d72015f956c310", "4943decfc5b905748f0756fdd99d4f9498d7064815c4cf3643820c9028b711d1", "57ef38a65056e7800859e5ba9e6091053cd06e1038983016effaffe0efcd594a", "5bd61e9b44c543016ce1f6aef48606280e45f892a928ca7068fba30021e9b786", "6482d3017a0c0327a49dddc8bd1074cc730d45db2ccb09c3bac1f8f32d1eb61b", "7d3ce02c0784b7cbcc771a2da6ea51f87e8716004512493a2b69016326301c3b", "a14e499c0f5955dcc3991f785f3f8e2130ed504fa3a7f44009ff458ad6bdd17f", "a39f54ccbcd2757d1d63b0ec00a00980c0b382c62865b61a505163943624ab20", "aabb0c5232910a20eec8563503c153a8e78bbf5459490c49ab31f6adf3f3a415", "bd4ecb473a96ad0f90c20acba4f0bf0df91a4e03a1f4dd6a4bdc9ca75aa3a715", "e2da3c13307eac601f3de04887624939aca8ee3c9488a0bb0eca4fb9401fc6b1", "f67814c38162f4deb31f68d590771a29d5ae3b1bd64b75cf232308e5c74777e0"]
pyopenssl = ["26ff56a6b5ecaf3a2a59f132681e2a80afcc76b4f902f612f518f92c2a1bf854", "6488f1423b00f73b7ad5167885312bb0ce410d3312eb212393795b53c8caa580"]
pypiwin32 = ["67adf399debc1d5d14dffc1ab5acacb800da569754fafdc576b2a039485aa775", "71be40c1fbd28594214ecaecb58e7aa8b708eabfa0125c8a109ebd51edbd776a"]
pysha3 = ["0060a66be16665d90c432f55a0ba1f6480590cfb7d2ad389e688a399183474f0", "11a2ba7a2e1d9669d0052fc8fb30f5661caed5512586ecbeeaf6bf9478ab5c48", "386998ee83e313b6911327174e088021f9f2061cbfa1651b97629b761e9ef5c4", "41be70b06c8775a9e4d4eeb52f2f6a3f356f17539a54eac61f43a29e42fd453d", "4416f16b0f1605c25f627966f76873e432971824778b369bd9ce1bb63d6566d9", "571a246308a7b63f15f5aa9651f99cf30f2a6acba18eddf28f1510935968b603", "59111c08b8f34495575d12e5f2ce3bafb98bea470bc81e70c8b6df99aef0dd2f", "5ec8da7c5c70a53b5fa99094af3ba8d343955b212bc346a0d25f6ff75853999f", "684cb01d87ed6ff466c135f1c83e7e4042d0fc668fa20619f581e6add1d38d77", "68c3a60a39f9179b263d29e221c1bd6e01353178b14323c39cc70593c30f21c5", "6e6a84efb7856f5d760ee55cd2b446972cb7b835676065f6c4f694913ea8f8d9", "827b308dc025efe9b6b7bae36c2e09ed0118a81f792d888548188e97b9bf9a3d", "93abd775dac570cb9951c4e423bcb2bc6303a9d1dc0dc2b7afa2dd401d195b24", "9c778fa8b161dc9348dc5cc361e94d54aa5ff18413788f4641f6600d4893a608", "9fdd28884c5d0b4edfed269b12badfa07f1c89dbc5c9c66dd279833894a9896b", "c7c2adcc43836223680ebdf91f1d3373543dc32747c182c8ca2e02d1b69ce030", "c93a2676e6588abcfaecb73eb14485c81c63b94fca2000a811a7b4fb5937b8e8", "cd5c961b603bd2e6c2b5ef9976f3238a561c58569945d4165efb9b9383b050ef", "f9046d59b3e72aa84f6dae83a040bd1184ebd7fef4e822d38186a8158c89e3cf", "fd7e66999060d079e9c0e8893e78d8017dad4f59721f6fe0be6307cd32127a07", "fe988e73f2ce6d947220624f04d467faf05f1bbdbc64b0a201296bb3af92739e"]
python-dateutil = ["063df5763652e21de43de7d9e00ccf239f953a832941e37be541614732cdfc93", "88f9287c0174266bb0d8cedd395cfba9c58e87e5ad86b2ce58859bc11be3cf02"]
pytz = ["31cb35c89bd7d333cd32c5f278fca91b523b0834369e757f4c5641ea252236ca", "8e0f8568c118d3077b46be7d654cc8167fa916092e28320cde048e54bfc9f1e6"]
pytzdata = ["10c74b0cfc51a9269031f86ecd11096c9c6a141f5bb15a3b8a88f9979f6361e2", "279cbd9900d5da9a8f9053e60db0db7f42d9a799673744b76aaeb6b4f14abe77"]
pywin32 = ["22e218832a54ed206452c8f3ca9eff07ef327f8e597569a4c2828be5eaa09a77", "32b37abafbfeddb0fe718008d6aada5a71efa2874f068bee1f9e703983dcc49a", "35451edb44162d2f603b5b18bd427bc88fcbc74849eaa7a7e7cfe0f507e5c0c8", "4eda2e1e50faa706ff8226195b84fbcbd542b08c842a9b15e303589f85bfb41c", "5f265d72588806e134c8e1ede8561739071626ea4cc25c12d526aa7b82416ae5", "6852ceac5fdd7a146b570655c37d9eacd520ed1eaeec051ff41c6fc94243d8bf", "6dbc4219fe45ece6a0cc6baafe0105604fdee551b5e876dc475d3955b77190ec", "9bd07746ce7f2198021a9fa187fa80df7b221ec5e4c234ab6f00ea355a3baf99"]
pyyaml = ["3d7da3009c0f3e783b2c873687652d83b1bbfd5c88e9813fb7e5b03c0dd3108b", "3ef3092145e9b70e3ddd2c7ad59bdd0252a94dfe3949721633e41344de00a6bf", "40c71b8e076d0550b2e6380bada1f1cd1017b882f7e16f09a65be98e017f211a", "558dd60b890ba8fd982e05941927a3911dc409a63dcb8b634feaa0cda69330d3", "a7c28b45d9f99102fa092bb213aa12e0aaf9a6a1f5e395d36166639c1f96c3a1", "aa7dd4a6a427aed7df6fb7f08a580d68d9b118d90310374716ae90b710280af1", "bc558586e6045763782014934bfaf39d48b8ae85a2713117d16c39864085c613", "d46d7982b62e0729ad0175a9bc7e10a566fc07b224d2c79fafb5e032727eaa04", "d5eef459e30b09f5a098b9cea68bebfeb268697f78d647bd255a085371ac7f3f", "e01d3203230e1786cd91ccfdc8f8454c8069c91bee3962ad93b87a4b2860f537", "e170a9e6fcfd19021dd29845af83bb79236068bf5fd4df3327c1be18182b2531"]
regex = ["15b4a185ae9782133f398f8ab7c29612a6e5f34ea9411e4cd36e91e78c347ebe", "3852b76f0b6d7bd98d328d548716c151b79017f2b81347360f26e5db10fb6503", "79a6a60ed1ee3b12eb0e828c01d75e3b743af6616d69add6c2fde1d425a4ba3f", "a2938c290b3be2c7cadafa21de3051f2ed23bfaf88728a1fe5dc552cbfdb0326", "aff7414712c9e6d260609da9c9af3aacebfbc307a4abe3376c7736e2a6c8563f", "d03782f0b0fa34f8f1dbdc94e27cf193b83c6105307a8c10563938c6d85180d9", "db79ac3d81e655dc12d38a865dd6d1b569a28fab4c53749051cd599a6eb7614f", "e803b3646c3f9c47f1f3dc870173c5d79c0fd2fd8e40bf917b97c7b56701baff", "e9660ccca360b6bd79606aab3672562ebb14bce6af6c501107364668543f4bef"]
requests = ["502a824f31acdacb3a35b6690b5fbf0bc41d63a24a45c4004352b0242707598e", "7bf2a778576d825600030a110f3c0e3e8edc51dfaafe1c146e39a2027784957b"]
rlp = ["163bd534b19250e077bae04212e962667766e9b38c922949ffbceb603f9f8aa0", "b0ad3f3173dedf416565299f684717d4ae7620207d562d3ef94b818a40a48781"]
s3transfer = ["90dc18e028989c609146e241ea153250be451e05ecc0c2832565231dacdf59c1", "c7a9ec356982d5e9ab2d4b46391a7d6a950e2b04c472419f5fdec70cc0ada72f"]
semantic-version = ["2a4328680073e9b243667b201119772aefc5fc63ae32398d6afafff07c4f54c0", "2d06ab7372034bcb8b54f2205370f4aa0643c133b7e6dbd129c5200b83ab394b"]
sentry-sdk = ["d4eb77414e21258943cdd7ea4aa216e2d994d38700d747d5d3da943edd414b58", "e77795ca8bafbcf4a19d9c2fcd99f9cb68a9623e5f853a0758084a8b025e6c87"]
service-identity = ["001c0707759cb3de7e49c078a7c0c9cd12594161d3bf06b9c254fdcb1a60dc36", "0858a54aabc5b459d1aafa8a518ed2081a285087f349fe3e55197989232e2e2d"]
six = ["3350809f0555b11f552448330d0b52d5f24c91a322ea4a15ef22629740f3761c", "d16a0141ec1a18405cd4ce8b4613101da75da0e9a7aec5bdd4fa804d0e0eba73"]
snaptime = ["e3f1eb89043d58d30721ab98cb65023f1a4c2740e3b197704298b163c92d508b"]
sqlalchemy = ["809547455d012734b4252081db1e6b4fc731de2299f3755708c39863625e1c77"]
toolz = ["929f0a7ea7f61c178bd951bdae93920515d3fbdbafc8e6caf82d752b9b3b31c9"]
trie = ["028949f9c7d14c6635dc331ecd00fa760e6688c8926cc2fcafd044260b1211b5", "8c76b26d18619dbc70badfe3abe8a8065f4ec5e8048193349bcad5779e26fc62"]
twisted = ["294be2c6bf84ae776df2fc98e7af7d6537e1c5e60a46d33c3ce2a197677da395"]
txaio = ["67e360ac73b12c52058219bb5f8b3ed4105d2636707a36a7cdafb56fe06db7fe", "b6b235d432cc58ffe111b43e337db71a5caa5d3eaa88f0eacf60b431c7626ef5"]
tzlocal = ["4ebeb848845ac898da6519b9b31879cf13b6626f7184c496037b818e238f2c4e"]
umbral = ["bb68a81c5646f76388b70c540dcde5befdf465c7115c525210b6dadba2b5ef62", "f0f1e44da8b900ff7a2a9c27ee16931b73d81c92016bcd0a150e92d427fa7d81"]
urllib3 = ["61bf29cada3fc2fbefad4fdf059ea4bd1b4a86d2b6d15e1c7c0b582b9752fe39", "de9529817c93f27c8ccbfead6985011db27bd0ddfcdb2d86f3f663385c6a9c22"]
watchdog = ["965f658d0732de3188211932aeb0bb457587f04f63ab4c1e33eab878e9de961d"]
web3 = ["585ee922eb6a97a2843e59e011e0820eef3d7e9830a118fabe84e23a2d5d9bea", "ca9414c2e314b05fc181a9aa9fb9622bed8e6f9c67a4f7a9ad8303868b910006"]
websockets = ["0e2f7d6567838369af074f0ef4d0b802d19fa1fee135d864acc656ceefa33136", "2a16dac282b2fdae75178d0ed3d5b9bc3258dabfae50196cbb30578d84b6f6a6", "5a1fa6072405648cb5b3688e9ed3b94be683ce4a4e5723e6f5d34859dee495c1", "5c1f55a1274df9d6a37553fef8cff2958515438c58920897675c9bc70f5a0538", "669d1e46f165e0ad152ed8197f7edead22854a6c90419f544e0f234cc9dac6c4", "695e34c4dbea18d09ab2c258994a8bf6a09564e762655408241f6a14592d2908", "6b2e03d69afa8d20253455e67b64de1a82ff8612db105113cccec35d3f8429f0", "79ca7cdda7ad4e3663ea3c43bfa8637fc5d5604c7737f19a8964781abbd1148d", "7fd2dd9a856f72e6ed06f82facfce01d119b88457cd4b47b7ae501e8e11eba9c", "82c0354ac39379d836719a77ee360ef865377aa6fdead87909d50248d0f05f4d", "8f3b956d11c5b301206382726210dc1d3bee1a9ccf7aadf895aaf31f71c3716c", "91ec98640220ae05b34b79ee88abf27f97ef7c61cf525eec57ea8fcea9f7dddb", "952be9540d83dba815569d5cb5f31708801e0bbfc3a8c5aef1890b57ed7e58bf", "99ac266af38ba1b1fe13975aea01ac0e14bb5f3a3200d2c69f05385768b8568e", "9fa122e7adb24232247f8a89f2d9070bf64b7869daf93ac5e19546b409e47e96", "a0873eadc4b8ca93e2e848d490809e0123eea154aa44ecd0109c4d0171869584", "cb998bd4d93af46b8b49ecf5a72c0a98e5cc6d57fdca6527ba78ad89d6606484", "e02e57346f6a68523e3c43bbdf35dde5c440318d1f827208ae455f6a2ace446d", "e79a5a896bcee7fff24a788d72e5c69f13e61369d055f28113e71945a7eb1559", "ee55eb6bcf23ecc975e6b47c127c201b913598f38b6a300075f84eeef2d3baff", "f1414e6cbcea8d22843e7eafdfdfae3dd1aba41d1945f6ca66e4806c07c4f454"]
werkzeug = ["c3fd7a7d41976d9f44db327260e263132466836cef6f91512889ed60ad26557c", "d5da73735293558eb1651ee2fddc4d0dedcfa06538b8813a2e20011583c9e49b"]
whitenoise = ["118ab3e5f815d380171b100b05b76de2a07612f422368a201a9ffdeefb2251c1", "42133ddd5229eeb6a0c9899496bdbe56c292394bf8666da77deeb27454c0456a"]
"zope.interface" = ["086707e0f413ff8800d9c4bc26e174f7ee4c9c8b0302fbad68d083071822316c", "1157b1ec2a1f5bf45668421e3955c60c610e31913cc695b407a574efdbae1f7b", "11ebddf765bff3bbe8dbce10c86884d87f90ed66ee410a7e6c392086e2c63d02", "14b242d53f6f35c2d07aa2c0e13ccb710392bcd203e1b82a1828d216f6f6b11f", "1b3d0dcabc7c90b470e59e38a9acaa361be43b3a6ea644c0063951964717f0e5", "20a12ab46a7e72b89ce0671e7d7a6c3c1ca2c2766ac98112f78c5bddaa6e4375", "298f82c0ab1b182bd1f34f347ea97dde0fffb9ecf850ecf7f8904b8442a07487", "2f6175722da6f23dbfc76c26c241b67b020e1e83ec7fe93c9e5d3dd18667ada2", "3b877de633a0f6d81b600624ff9137312d8b1d0f517064dfc39999352ab659f0", "4265681e77f5ac5bac0905812b828c9fe1ce80c6f3e3f8574acfb5643aeabc5b", "550695c4e7313555549aa1cdb978dc9413d61307531f123558e438871a883d63", "5f4d42baed3a14c290a078e2696c5f565501abde1b2f3f1a1c0a94fbf6fbcc39", "62dd71dbed8cc6a18379700701d959307823b3b2451bdc018594c48956ace745", "7040547e5b882349c0a2cc9b50674b1745db551f330746af434aad4f09fba2cc", "7e099fde2cce8b29434684f82977db4e24f0efa8b0508179fce1602d103296a2", "7e5c9a5012b2b33e87980cee7d1c82412b2ebabcb5862d53413ba1a2cfde23aa", "81295629128f929e73be4ccfdd943a0906e5fe3cdb0d43ff1e5144d16fbb52b1", "95cc574b0b83b85be9917d37cd2fad0ce5a0d21b024e1a5804d044aabea636fc", "968d5c5702da15c5bf8e4a6e4b67a4d92164e334e9c0b6acf080106678230b98", "9e998ba87df77a85c7bed53240a7257afe51a07ee6bc3445a0bf841886da0b97", "a0c39e2535a7e9c195af956610dba5a1073071d2d85e9d2e5d789463f63e52ab", "a15e75d284178afe529a536b0e8b28b7e107ef39626a7809b4ee64ff3abc9127", "a6a6ff82f5f9b9702478035d8f6fb6903885653bff7ec3a1e011edc9b1a7168d", "b639f72b95389620c1f881d94739c614d385406ab1d6926a9ffe1c8abbea23fe", "bad44274b151d46619a7567010f7cde23a908c6faa84b97598fd2f474a0c6891", "bbcef00d09a30948756c5968863316c949d9cedbc7aabac5e8f0ffbdb632e5f1", "d788a3999014ddf416f2dc454efa4a5dbeda657c6aba031cf363741273804c6b", "eed88ae03e1ef3a75a0e96a55a99d7937ed03e53d0cffc2451c208db445a2966", "f99451f3a579e73b5dd58b1b08d1179791d49084371d9a47baad3b22417f0317"]
